
Microsoft Visual Studio Solution File, Format Version 12.00
# Visual Studio Version 17
VisualStudioVersion = 17.1.32319.34
MinimumVisualStudioVersion = 10.0.40219.1
Project("{FAE04EC0-301F-11D3-BF4B-00C04F79EFBC}") = "TodoList", "TodoList.csproj", "{5F2B67E8-67F7-42E4-8DA1-28BE2DD7392E}"
EndProject
Global
	GlobalSection(SolutionConfigurationPlatforms) = preSolution
		Debug|Any CPU = Debug|Any CPU
		Release|Any CPU = Release|Any CPU
	EndGlobalSection
	GlobalSection(ProjectConfigurationPlatforms) = postSolution
		{5F2B67E8-67F7-42E4-8DA1-28BE2DD7392E}.Debug|Any CPU.ActiveCfg = Debug|Any CPU
		{5F2B67E8-67F7-42E4-8DA1-28BE2DD7392E}.Debug|Any CPU.Build.0 = Debug|Any CPU
		{5F2B67E8-67F7-42E4-8DA1-28BE2DD7392E}.Release|Any CPU.ActiveCfg = Release|Any CPU
		{5F2B67E8-67F7-42E4-8DA1-28BE2DD7392E}.Release|Any CPU.Build.0 = Release|Any CPU
	EndGlobalSection
	GlobalSection(SolutionProperties) = preSolution
		HideSolutionNode = FALSE
	EndGlobalSection
	GlobalSection(ExtensibilityGlobals) = postSolution
		SolutionGuid = {2C00639B-27F9-4603-928C-82D99F0707D6}
	EndGlobalSection
EndGlobal
